// !$*UTF8*$!
{
	archiveVersion = 1;
	classes = {
	};
	objectVersion = 56;
	objects = {

/* Begin PBXBuildFile section */
		843FB0362A7EC2DE00AFE959 /* ProfileView.swift in Sources */ = {isa = PBXBuildFile; fileRef = 843FB0352A7EC2DE00AFE959 /* ProfileView.swift */; };
		843FB0382A7EC2E900AFE959 /* TodoListView.swift in Sources */ = {isa = PBXBuildFile; fileRef = 843FB0372A7EC2E900AFE959 /* TodoListView.swift */; };
		843FB03A2A7EC33500AFE959 /* NewItemView.swift in Sources */ = {isa = PBXBuildFile; fileRef = 843FB0392A7EC33500AFE959 /* NewItemView.swift */; };
		843FB03C2A7EC34200AFE959 /* LoginView.swift in Sources */ = {isa = PBXBuildFile; fileRef = 843FB03B2A7EC34200AFE959 /* LoginView.swift */; };
		843FB03E2A7EC36800AFE959 /* RegisterView.swift in Sources */ = {isa = PBXBuildFile; fileRef = 843FB03D2A7EC36800AFE959 /* RegisterView.swift */; };
		843FB0402A7EC3B500AFE959 /* TaskView.swift in Sources */ = {isa = PBXBuildFile; fileRef = 843FB03F2A7EC3B500AFE959 /* TaskView.swift */; };
		843FB0422A7EC44900AFE959 /* User.swift in Sources */ = {isa = PBXBuildFile; fileRef = 843FB0412A7EC44900AFE959 /* User.swift */; };
		843FB0442A7EC45200AFE959 /* Task.swift in Sources */ = {isa = PBXBuildFile; fileRef = 843FB0432A7EC45200AFE959 /* Task.swift */; };
		843FB0462A7EC68600AFE959 /* MainViewViewModel.swift in Sources */ = {isa = PBXBuildFile; fileRef = 843FB0452A7EC68600AFE959 /* MainViewViewModel.swift */; };
		843FB0482A7EC69200AFE959 /* ProfileViewViewModel.swift in Sources */ = {isa = PBXBuildFile; fileRef = 843FB0472A7EC69200AFE959 /* ProfileViewViewModel.swift */; };
		843FB04A2A7EC6A000AFE959 /* TodoListViewViewModel.swift in Sources */ = {isa = PBXBuildFile; fileRef = 843FB0492A7EC6A000AFE959 /* TodoListViewViewModel.swift */; };
		843FB04C2A7EC6B000AFE959 /* NewItemViewViewModel.swift in Sources */ = {isa = PBXBuildFile; fileRef = 843FB04B2A7EC6B000AFE959 /* NewItemViewViewModel.swift */; };
		843FB04E2A7EC6BF00AFE959 /* LoginViewViewModel.swift in Sources */ = {isa = PBXBuildFile; fileRef = 843FB04D2A7EC6BF00AFE959 /* LoginViewViewModel.swift */; };
		843FB0502A7EC6CC00AFE959 /* RegisterViewViewModel.swift in Sources */ = {isa = PBXBuildFile; fileRef = 843FB04F2A7EC6CC00AFE959 /* RegisterViewViewModel.swift */; };
		843FB0522A7EC6DD00AFE959 /* TaskViewViewModel.swift in Sources */ = {isa = PBXBuildFile; fileRef = 843FB0512A7EC6DD00AFE959 /* TaskViewViewModel.swift */; };
		847A1FF02A7D54E2001D929E /* TodoApp.swift in Sources */ = {isa = PBXBuildFile; fileRef = 847A1FEF2A7D54E2001D929E /* TodoApp.swift */; };
		847A1FF22A7D54E2001D929E /* MainView.swift in Sources */ = {isa = PBXBuildFile; fileRef = 847A1FF12A7D54E2001D929E /* MainView.swift */; };
		847A1FF42A7D54E4001D929E /* Assets.xcassets in Resources */ = {isa = PBXBuildFile; fileRef = 847A1FF32A7D54E4001D929E /* Assets.xcassets */; };
		847A1FF72A7D54E4001D929E /* Preview Assets.xcassets in Resources */ = {isa = PBXBuildFile; fileRef = 847A1FF62A7D54E4001D929E /* Preview Assets.xcassets */; };
		847A1FFF2A7D57DA001D929E /* FirebaseAuth in Frameworks */ = {isa = PBXBuildFile; productRef = 847A1FFE2A7D57DA001D929E /* FirebaseAuth */; };
		847A20012A7D57DA001D929E /* FirebaseFirestore in Frameworks */ = {isa = PBXBuildFile; productRef = 847A20002A7D57DA001D929E /* FirebaseFirestore */; };
		847A20032A7D57DA001D929E /* FirebaseFirestoreSwift in Frameworks */ = {isa = PBXBuildFile; productRef = 847A20022A7D57DA001D929E /* FirebaseFirestoreSwift */; };
		847A20052A7D5D08001D929E /* GoogleService-Info.plist in Resources */ = {isa = PBXBuildFile; fileRef = 847A20042A7D5D08001D929E /* GoogleService-Info.plist */; };
		849E5AFF2A813A950083F810 /* CButton.swift in Sources */ = {isa = PBXBuildFile; fileRef = 849E5AFE2A813A950083F810 /* CButton.swift */; };
		849E5B012A814CA30083F810 /* Extensions.swift in Sources */ = {isa = PBXBuildFile; fileRef = 849E5B002A814CA30083F810 /* Extensions.swift */; };
		84DED9552A81316500DB2DB3 /* HeaderView.swift in Sources */ = {isa = PBXBuildFile; fileRef = 84DED9542A81316500DB2DB3 /* HeaderView.swift */; };
/* End PBXBuildFile section */

/* Begin PBXFileReference section */
		843FB0352A7EC2DE00AFE959 /* ProfileView.swift */ = {isa = PBXFileReference; lastKnownFileType = sourcecode.swift; path = ProfileView.swift; sourceTree = "<group>"; };
		843FB0372A7EC2E900AFE959 /* TodoListView.swift */ = {isa = PBXFileReference; lastKnownFileType = sourcecode.swift; path = TodoListView.swift; sourceTree = "<group>"; };
		843FB0392A7EC33500AFE959 /* NewItemView.swift */ = {isa = PBXFileReference; lastKnownFileType = sourcecode.swift; path = NewItemView.swift; sourceTree = "<group>"; };
		843FB03B2A7EC34200AFE959 /* LoginView.swift */ = {isa = PBXFileReference; lastKnownFileType = sourcecode.swift; path = LoginView.swift; sourceTree = "<group>"; };
		843FB03D2A7EC36800AFE959 /* RegisterView.swift */ = {isa = PBXFileReference; lastKnownFileType = sourcecode.swift; path = RegisterView.swift; sourceTree = "<group>"; };
		843FB03F2A7EC3B500AFE959 /* TaskView.swift */ = {isa = PBXFileReference; lastKnownFileType = sourcecode.swift; path = TaskView.swift; sourceTree = "<group>"; };
		843FB0412A7EC44900AFE959 /* User.swift */ = {isa = PBXFileReference; lastKnownFileType = sourcecode.swift; path = User.swift; sourceTree = "<group>"; };
		843FB0432A7EC45200AFE959 /* Task.swift */ = {isa = PBXFileReference; lastKnownFileType = sourcecode.swift; path = Task.swift; sourceTree = "<group>"; };
		843FB0452A7EC68600AFE959 /* MainViewViewModel.swift */ = {isa = PBXFileReference; lastKnownFileType = sourcecode.swift; path = MainViewViewModel.swift; sourceTree = "<group>"; };
		843FB0472A7EC69200AFE959 /* ProfileViewViewModel.swift */ = {isa = PBXFileReference; lastKnownFileType = sourcecode.swift; path = ProfileViewViewModel.swift; sourceTree = "<group>"; };
		843FB0492A7EC6A000AFE959 /* TodoListViewViewModel.swift */ = {isa = PBXFileReference; lastKnownFileType = sourcecode.swift; path = TodoListViewViewModel.swift; sourceTree = "<group>"; };
		843FB04B2A7EC6B000AFE959 /* NewItemViewViewModel.swift */ = {isa = PBXFileReference; lastKnownFileType = sourcecode.swift; path = NewItemViewViewModel.swift; sourceTree = "<group>"; };
		843FB04D2A7EC6BF00AFE959 /* LoginViewViewModel.swift */ = {isa = PBXFileReference; lastKnownFileType = sourcecode.swift; path = LoginViewViewModel.swift; sourceTree = "<group>"; };
		843FB04F2A7EC6CC00AFE959 /* RegisterViewViewModel.swift */ = {isa = PBXFileReference; lastKnownFileType = sourcecode.swift; path = RegisterViewViewModel.swift; sourceTree = "<group>"; };
		843FB0512A7EC6DD00AFE959 /* TaskViewViewModel.swift */ = {isa = PBXFileReference; lastKnownFileType = sourcecode.swift; path = TaskViewViewModel.swift; sourceTree = "<group>"; };
		847A1FEC2A7D54E2001D929E /* Todo.app */ = {isa = PBXFileReference; explicitFileType = wrapper.application; includeInIndex = 0; path = Todo.app; sourceTree = BUILT_PRODUCTS_DIR; };
		847A1FEF2A7D54E2001D929E /* TodoApp.swift */ = {isa = PBXFileReference; lastKnownFileType = sourcecode.swift; path = TodoApp.swift; sourceTree = "<group>"; };
		847A1FF12A7D54E2001D929E /* MainView.swift */ = {isa = PBXFileReference; lastKnownFileType = sourcecode.swift; path = MainView.swift; sourceTree = "<group>"; };
		847A1FF32A7D54E4001D929E /* Assets.xcassets */ = {isa = PBXFileReference; lastKnownFileType = folder.assetcatalog; path = Assets.xcassets; sourceTree = "<group>"; };
		847A1FF62A7D54E4001D929E /* Preview Assets.xcassets */ = {isa = PBXFileReference; lastKnownFileType = folder.assetcatalog; path = "Preview Assets.xcassets"; sourceTree = "<group>"; };
		847A20042A7D5D08001D929E /* GoogleService-Info.plist */ = {isa = PBXFileReference; fileEncoding = 4; lastKnownFileType = text.plist.xml; path = "GoogleService-Info.plist"; sourceTree = "<group>"; };
		849E5AFE2A813A950083F810 /* CButton.swift */ = {isa = PBXFileReference; lastKnownFileType = sourcecode.swift; path = CButton.swift; sourceTree = "<group>"; };
		849E5B002A814CA30083F810 /* Extensions.swift */ = {isa = PBXFileReference; lastKnownFileType = sourcecode.swift; path = Extensions.swift; sourceTree = "<group>"; };
		84DED9542A81316500DB2DB3 /* HeaderView.swift */ = {isa = PBXFileReference; lastKnownFileType = sourcecode.swift; path = HeaderView.swift; sourceTree = "<group>"; };
/* End PBXFileReference section */

/* Begin PBXFrameworksBuildPhase section */
		847A1FE92A7D54E2001D929E /* Frameworks */ = {
			isa = PBXFrameworksBuildPhase;
			buildActionMask = 2147483647;
			files = (
				847A1FFF2A7D57DA001D929E /* FirebaseAuth in Frameworks */,
				847A20012A7D57DA001D929E /* FirebaseFirestore in Frameworks */,
				847A20032A7D57DA001D929E /* FirebaseFirestoreSwift in Frameworks */,
			);
			runOnlyForDeploymentPostprocessing = 0;
		};
/* End PBXFrameworksBuildPhase section */

/* Begin PBXGroup section */
		843FB0312A7EBFEA00AFE959 /* Views */ = {
			isa = PBXGroup;
			children = (
				847A1FF12A7D54E2001D929E /* MainView.swift */,
				843FB0352A7EC2DE00AFE959 /* ProfileView.swift */,
				843FB0372A7EC2E900AFE959 /* TodoListView.swift */,
				843FB03F2A7EC3B500AFE959 /* TaskView.swift */,
				843FB0392A7EC33500AFE959 /* NewItemView.swift */,
				843FB03B2A7EC34200AFE959 /* LoginView.swift */,
				843FB03D2A7EC36800AFE959 /* RegisterView.swift */,
				84DED9542A81316500DB2DB3 /* HeaderView.swift */,
				849E5AFE2A813A950083F810 /* CButton.swift */,
			);
			path = Views;
			sourceTree = "<group>";
		};
		843FB0322A7EBFF100AFE959 /* ViewsModels */ = {
			isa = PBXGroup;
			children = (
				843FB0452A7EC68600AFE959 /* MainViewViewModel.swift */,
				843FB0472A7EC69200AFE959 /* ProfileViewViewModel.swift */,
				843FB0492A7EC6A000AFE959 /* TodoListViewViewModel.swift */,
				843FB04B2A7EC6B000AFE959 /* NewItemViewViewModel.swift */,
				843FB04D2A7EC6BF00AFE959 /* LoginViewViewModel.swift */,
				843FB04F2A7EC6CC00AFE959 /* RegisterViewViewModel.swift */,
				843FB0512A7EC6DD00AFE959 /* TaskViewViewModel.swift */,
			);
			path = ViewsModels;
			sourceTree = "<group>";
		};
		843FB0332A7EBFF900AFE959 /* Models */ = {
			isa = PBXGroup;
			children = (
				843FB0412A7EC44900AFE959 /* User.swift */,
				843FB0432A7EC45200AFE959 /* Task.swift */,
			);
			path = Models;
			sourceTree = "<group>";
		};
		843FB0342A7EC0DB00AFE959 /* Other */ = {
			isa = PBXGroup;
			children = (
				847A1FF32A7D54E4001D929E /* Assets.xcassets */,
				847A1FEF2A7D54E2001D929E /* TodoApp.swift */,
				847A20042A7D5D08001D929E /* GoogleService-Info.plist */,
				849E5B002A814CA30083F810 /* Extensions.swift */,
			);
			path = Other;
			sourceTree = "<group>";
		};
		847A1FE32A7D54E2001D929E = {
			isa = PBXGroup;
			children = (
				847A1FEE2A7D54E2001D929E /* Todo */,
				847A1FED2A7D54E2001D929E /* Products */,
			);
			sourceTree = "<group>";
		};
		847A1FED2A7D54E2001D929E /* Products */ = {
			isa = PBXGroup;
			children = (
				847A1FEC2A7D54E2001D929E /* Todo.app */,
			);
			name = Products;
			sourceTree = "<group>";
		};
		847A1FEE2A7D54E2001D929E /* Todo */ = {
			isa = PBXGroup;
			children = (
				843FB0342A7EC0DB00AFE959 /* Other */,
				843FB0332A7EBFF900AFE959 /* Models */,
				843FB0322A7EBFF100AFE959 /* ViewsModels */,
				843FB0312A7EBFEA00AFE959 /* Views */,
				847A1FF52A7D54E4001D929E /* Preview Content */,
			);
			path = Todo;
			sourceTree = "<group>";
		};
		847A1FF52A7D54E4001D929E /* Preview Content */ = {
			isa = PBXGroup;
			children = (
				847A1FF62A7D54E4001D929E /* Preview Assets.xcassets */,
			);
			path = "Preview Content";
			sourceTree = "<group>";
		};
/* End PBXGroup section */

/* Begin PBXNativeTarget section */
		847A1FEB2A7D54E2001D929E /* Todo */ = {
			isa = PBXNativeTarget;
			buildConfigurationList = 847A1FFA2A7D54E4001D929E /* Build configuration list for PBXNativeTarget "Todo" */;
			buildPhases = (
				847A1FE82A7D54E2001D929E /* Sources */,
				847A1FE92A7D54E2001D929E /* Frameworks */,
				847A1FEA2A7D54E2001D929E /* Resources */,
			);
			buildRules = (
			);
			dependencies = (
			);
			name = Todo;
			packageProductDependencies = (
				847A1FFE2A7D57DA001D929E /* FirebaseAuth */,
				847A20002A7D57DA001D929E /* FirebaseFirestore */,
				847A20022A7D57DA001D929E /* FirebaseFirestoreSwift */,
			);
			productName = Todo;
			productReference = 847A1FEC2A7D54E2001D929E /* Todo.app */;
			productType = "com.apple.product-type.application";
		};
/* End PBXNativeTarget section */

/* Begin PBXProject section */
		847A1FE42A7D54E2001D929E /* Project object */ = {
			isa = PBXProject;
			attributes = {
				BuildIndependentTargetsInParallel = 1;
				LastSwiftUpdateCheck = 1430;
				LastUpgradeCheck = 1430;
				TargetAttributes = {
					847A1FEB2A7D54E2001D929E = {
						CreatedOnToolsVersion = 14.3.1;
					};
				};
			};
			buildConfigurationList = 847A1FE72A7D54E2001D929E /* Build configuration list for PBXProject "Todo" */;
			compatibilityVersion = "Xcode 14.0";
			developmentRegion = en;
			hasScannedForEncodings = 0;
			knownRegions = (
				en,
				Base,
			);
			mainGroup = 847A1FE32A7D54E2001D929E;
			packageReferences = (
				847A1FFD2A7D57DA001D929E /* XCRemoteSwiftPackageReference "firebase-ios-sdk" */,
			);
			productRefGroup = 847A1FED2A7D54E2001D929E /* Products */;
			projectDirPath = "";
			projectRoot = "";
			targets = (
				847A1FEB2A7D54E2001D929E /* Todo */,
			);
		};
/* End PBXProject section */

/* Begin PBXResourcesBuildPhase section */
		847A1FEA2A7D54E2001D929E /* Resources */ = {
			isa = PBXResourcesBuildPhase;
			buildActionMask = 2147483647;
			files = (
				847A1FF72A7D54E4001D929E /* Preview Assets.xcassets in Resources */,
				847A1FF42A7D54E4001D929E /* Assets.xcassets in Resources */,
				847A20052A7D5D08001D929E /* GoogleService-Info.plist in Resources */,
			);
			runOnlyForDeploymentPostprocessing = 0;
		};
/* End PBXResourcesBuildPhase section */

/* Begin PBXSourcesBuildPhase section */
		847A1FE82A7D54E2001D929E /* Sources */ = {
			isa = PBXSourcesBuildPhase;
			buildActionMask = 2147483647;
			files = (
				843FB03C2A7EC34200AFE959 /* LoginView.swift in Sources */,
				84DED9552A81316500DB2DB3 /* HeaderView.swift in Sources */,
				843FB0522A7EC6DD00AFE959 /* TaskViewViewModel.swift in Sources */,
				847A1FF22A7D54E2001D929E /* MainView.swift in Sources */,
				843FB0502A7EC6CC00AFE959 /* RegisterViewViewModel.swift in Sources */,
				849E5AFF2A813A950083F810 /* CButton.swift in Sources */,
				843FB0462A7EC68600AFE959 /* MainViewViewModel.swift in Sources */,
				843FB0442A7EC45200AFE959 /* Task.swift in Sources */,
				843FB0362A7EC2DE00AFE959 /* ProfileView.swift in Sources */,
				843FB0482A7EC69200AFE959 /* ProfileViewViewModel.swift in Sources */,
				843FB03E2A7EC36800AFE959 /* RegisterView.swift in Sources */,
				843FB0382A7EC2E900AFE959 /* TodoListView.swift in Sources */,
				843FB04A2A7EC6A000AFE959 /* TodoListViewViewModel.swift in Sources */,
				843FB0422A7EC44900AFE959 /* User.swift in Sources */,
				843FB04E2A7EC6BF00AFE959 /* LoginViewViewModel.swift in Sources */,
				849E5B012A814CA30083F810 /* Extensions.swift in Sources */,
				843FB0402A7EC3B500AFE959 /* TaskView.swift in Sources */,
				847A1FF02A7D54E2001D929E /* TodoApp.swift in Sources */,
				843FB03A2A7EC33500AFE959 /* NewItemView.swift in Sources */,
				843FB04C2A7EC6B000AFE959 /* NewItemViewViewModel.swift in Sources */,
			);
			runOnlyForDeploymentPostprocessing = 0;
		};
/* End PBXSourcesBuildPhase section */

/* Begin XCBuildConfiguration section */
		847A1FF82A7D54E4001D929E /* Debug */ = {
			isa = XCBuildConfiguration;
			buildSettings = {
				ALWAYS_SEARCH_USER_PATHS = NO;
				CLANG_ANALYZER_NONNULL = YES;
				CLANG_ANALYZER_NUMBER_OBJECT_CONVERSION = YES_AGGRESSIVE;
				CLANG_CXX_LANGUAGE_STANDARD = "gnu++20";
				CLANG_ENABLE_MODULES = YES;
				CLANG_ENABLE_OBJC_ARC = YES;
				CLANG_ENABLE_OBJC_WEAK = YES;
				CLANG_WARN_BLOCK_CAPTURE_AUTORELEASING = YES;
				CLANG_WARN_BOOL_CONVERSION = YES;
				CLANG_WARN_COMMA = YES;
				CLANG_WARN_CONSTANT_CONVERSION = YES;
				CLANG_WARN_DEPRECATED_OBJC_IMPLEMENTATIONS = YES;
				CLANG_WARN_DIRECT_OBJC_ISA_USAGE = YES_ERROR;
				CLANG_WARN_DOCUMENTATION_COMMENTS = YES;
				CLANG_WARN_EMPTY_BODY = YES;
				CLANG_WARN_ENUM_CONVERSION = YES;
				CLANG_WARN_INFINITE_RECURSION = YES;
				CLANG_WARN_INT_CONVERSION = YES;
				CLANG_WARN_NON_LITERAL_NULL_CONVERSION = YES;
				CLANG_WARN_OBJC_IMPLICIT_RETAIN_SELF = YES;
				CLANG_WARN_OBJC_LITERAL_CONVERSION = YES;
				CLANG_WARN_OBJC_ROOT_CLASS = YES_ERROR;
				CLANG_WARN_QUOTED_INCLUDE_IN_FRAMEWORK_HEADER = YES;
				CLANG_WARN_RANGE_LOOP_ANALYSIS = YES;
				CLANG_WARN_STRICT_PROTOTYPES = YES;
				CLANG_WARN_SUSPICIOUS_MOVE = YES;
				CLANG_WARN_UNGUARDED_AVAILABILITY = YES_AGGRESSIVE;
				CLANG_WARN_UNREACHABLE_CODE = YES;
				CLANG_WARN__DUPLICATE_METHOD_MATCH = YES;
				COPY_PHASE_STRIP = NO;
				DEBUG_INFORMATION_FORMAT = dwarf;
				ENABLE_STRICT_OBJC_MSGSEND = YES;
				ENABLE_TESTABILITY = YES;
				GCC_C_LANGUAGE_STANDARD = gnu11;
				GCC_DYNAMIC_NO_PIC = NO;
				GCC_NO_COMMON_BLOCKS = YES;
				GCC_OPTIMIZATION_LEVEL = 0;
				GCC_PREPROCESSOR_DEFINITIONS = (
					"DEBUG=1",
					"$(inherited)",
				);
				GCC_WARN_64_TO_32_BIT_CONVERSION = YES;
				GCC_WARN_ABOUT_RETURN_TYPE = YES_ERROR;
				GCC_WARN_UNDECLARED_SELECTOR = YES;
				GCC_WARN_UNINITIALIZED_AUTOS = YES_AGGRESSIVE;
				GCC_WARN_UNUSED_FUNCTION = YES;
				GCC_WARN_UNUSED_VARIABLE = YES;
				IPHONEOS_DEPLOYMENT_TARGET = 16.4;
				MTL_ENABLE_DEBUG_INFO = INCLUDE_SOURCE;
				MTL_FAST_MATH = YES;
				ONLY_ACTIVE_ARCH = YES;
				SDKROOT = iphoneos;
				SWIFT_ACTIVE_COMPILATION_CONDITIONS = DEBUG;
				SWIFT_OPTIMIZATION_LEVEL = "-Onone";
			};
			name = Debug;
		};
		847A1FF92A7D54E4001D929E /* Release */ = {
			isa = XCBuildConfiguration;
			buildSettings = {
				ALWAYS_SEARCH_USER_PATHS = NO;
				CLANG_ANALYZER_NONNULL = YES;
				CLANG_ANALYZER_NUMBER_OBJECT_CONVERSION = YES_AGGRESSIVE;
				CLANG_CXX_LANGUAGE_STANDARD = "gnu++20";
				CLANG_ENABLE_MODULES = YES;
				CLANG_ENABLE_OBJC_ARC = YES;
				CLANG_ENABLE_OBJC_WEAK = YES;
				CLANG_WARN_BLOCK_CAPTURE_AUTORELEASING = YES;
				CLANG_WARN_BOOL_CONVERSION = YES;
				CLANG_WARN_COMMA = YES;
				CLANG_WARN_CONSTANT_CONVERSION = YES;
				CLANG_WARN_DEPRECATED_OBJC_IMPLEMENTATIONS = YES;
				CLANG_WARN_DIRECT_OBJC_ISA_USAGE = YES_ERROR;
				CLANG_WARN_DOCUMENTATION_COMMENTS = YES;
				CLANG_WARN_EMPTY_BODY = YES;
				CLANG_WARN_ENUM_CONVERSION = YES;
				CLANG_WARN_INFINITE_RECURSION = YES;
				CLANG_WARN_INT_CONVERSION = YES;
				CLANG_WARN_NON_LITERAL_NULL_CONVERSION = YES;
				CLANG_WARN_OBJC_IMPLICIT_RETAIN_SELF = YES;
				CLANG_WARN_OBJC_LITERAL_CONVERSION = YES;
				CLANG_WARN_OBJC_ROOT_CLASS = YES_ERROR;
				CLANG_WARN_QUOTED_INCLUDE_IN_FRAMEWORK_HEADER = YES;
				CLANG_WARN_RANGE_LOOP_ANALYSIS = YES;
				CLANG_WARN_STRICT_PROTOTYPES = YES;
				CLANG_WARN_SUSPICIOUS_MOVE = YES;
				CLANG_WARN_UNGUARDED_AVAILABILITY = YES_AGGRESSIVE;
				CLANG_WARN_UNREACHABLE_CODE = YES;
				CLANG_WARN__DUPLICATE_METHOD_MATCH = YES;
				COPY_PHASE_STRIP = NO;
				DEBUG_INFORMATION_FORMAT = "dwarf-with-dsym";
				ENABLE_NS_ASSERTIONS = NO;
				ENABLE_STRICT_OBJC_MSGSEND = YES;
				GCC_C_LANGUAGE_STANDARD = gnu11;
				GCC_NO_COMMON_BLOCKS = YES;
				GCC_WARN_64_TO_32_BIT_CONVERSION = YES;
				GCC_WARN_ABOUT_RETURN_TYPE = YES_ERROR;
				GCC_WARN_UNDECLARED_SELECTOR = YES;
				GCC_WARN_UNINITIALIZED_AUTOS = YES_AGGRESSIVE;
				GCC_WARN_UNUSED_FUNCTION = YES;
				GCC_WARN_UNUSED_VARIABLE = YES;
				IPHONEOS_DEPLOYMENT_TARGET = 16.4;
				MTL_ENABLE_DEBUG_INFO = NO;
				MTL_FAST_MATH = YES;
				SDKROOT = iphoneos;
				SWIFT_COMPILATION_MODE = wholemodule;
				SWIFT_OPTIMIZATION_LEVEL = "-O";
				VALIDATE_PRODUCT = YES;
			};
			name = Release;
		};
		847A1FFB2A7D54E4001D929E /* Debug */ = {
			isa = XCBuildConfiguration;
			buildSettings = {
				ASSETCATALOG_COMPILER_APPICON_NAME = AppIcon;
				ASSETCATALOG_COMPILER_GLOBAL_ACCENT_COLOR_NAME = AccentColor;
				CODE_SIGN_STYLE = Automatic;
				CURRENT_PROJECT_VERSION = 1;
				DEVELOPMENT_ASSET_PATHS = "\"Todo/Preview Content\"";
				ENABLE_PREVIEWS = YES;
				GENERATE_INFOPLIST_FILE = YES;
				INFOPLIST_KEY_CFBundleDisplayName = "To Do";
				INFOPLIST_KEY_UIApplicationSceneManifest_Generation = YES;
				INFOPLIST_KEY_UIApplicationSupportsIndirectInputEvents = YES;
				INFOPLIST_KEY_UILaunchScreen_Generation = YES;
				INFOPLIST_KEY_UISupportedInterfaceOrientations = UIInterfaceOrientationPortrait;
				LD_RUNPATH_SEARCH_PATHS = (
					"$(inherited)",
					"@executable_path/Frameworks",
				);
				MARKETING_VERSION = 1.0;
				PRODUCT_BUNDLE_IDENTIFIER = ducdo.Todo;
				PRODUCT_NAME = "$(TARGET_NAME)";
				SWIFT_EMIT_LOC_STRINGS = YES;
				SWIFT_VERSION = 5.0;
				TARGETED_DEVICE_FAMILY = "1,2";
			};
			name = Debug;
		};
		847A1FFC2A7D54E4001D929E /* Release */ = {
			isa = XCBuildConfiguration;
			buildSettings = {
				ASSETCATALOG_COMPILER_APPICON_NAME = AppIcon;
				ASSETCATALOG_COMPILER_GLOBAL_ACCENT_COLOR_NAME = AccentColor;
				CODE_SIGN_STYLE = Automatic;
				CURRENT_PROJECT_VERSION = 1;
				DEVELOPMENT_ASSET_PATHS = "\"Todo/Preview Content\"";
				ENABLE_PREVIEWS = YES;
				GENERATE_INFOPLIST_FILE = YES;
				INFOPLIST_KEY_CFBundleDisplayName = "To Do";
				INFOPLIST_KEY_UIApplicationSceneManifest_Generation = YES;
				INFOPLIST_KEY_UIApplicationSupportsIndirectInputEvents = YES;
				INFOPLIST_KEY_UILaunchScreen_Generation = YES;
				INFOPLIST_KEY_UISupportedInterfaceOrientations = UIInterfaceOrientationPortrait;
				LD_RUNPATH_SEARCH_PATHS = (
					"$(inherited)",
					"@executable_path/Frameworks",
				);
				MARKETING_VERSION = 1.0;
				PRODUCT_BUNDLE_IDENTIFIER = ducdo.Todo;
				PRODUCT_NAME = "$(TARGET_NAME)";
				SWIFT_EMIT_LOC_STRINGS = YES;
				SWIFT_VERSION = 5.0;
				TARGETED_DEVICE_FAMILY = "1,2";
			};
			name = Release;
		};
/* End XCBuildConfiguration section */

/* Begin XCConfigurationList section */
		847A1FE72A7D54E2001D929E /* Build configuration list for PBXProject "Todo" */ = {
			isa = XCConfigurationList;
			buildConfigurations = (
				847A1FF82A7D54E4001D929E /* Debug */,
				847A1FF92A7D54E4001D929E /* Release */,
			);
			defaultConfigurationIsVisible = 0;
			defaultConfigurationName = Release;
		};
		847A1FFA2A7D54E4001D929E /* Build configuration list for PBXNativeTarget "Todo" */ = {
			isa = XCConfigurationList;
			buildConfigurations = (
				847A1FFB2A7D54E4001D929E /* Debug */,
				847A1FFC2A7D54E4001D929E /* Release */,
			);
			defaultConfigurationIsVisible = 0;
			defaultConfigurationName = Release;
		};
/* End XCConfigurationList section */

/* Begin XCRemoteSwiftPackageReference section */
		847A1FFD2A7D57DA001D929E /* XCRemoteSwiftPackageReference "firebase-ios-sdk" */ = {
			isa = XCRemoteSwiftPackageReference;
			repositoryURL = "https://github.com/firebase/firebase-ios-sdk.git";
			requirement = {
				kind = upToNextMajorVersion;
				minimumVersion = 10.0.0;
			};
		};
/* End XCRemoteSwiftPackageReference section */

/* Begin XCSwiftPackageProductDependency section */
		847A1FFE2A7D57DA001D929E /* FirebaseAuth */ = {
			isa = XCSwiftPackageProductDependency;
			package = 847A1FFD2A7D57DA001D929E /* XCRemoteSwiftPackageReference "firebase-ios-sdk" */;
			productName = FirebaseAuth;
		};
		847A20002A7D57DA001D929E /* FirebaseFirestore */ = {
			isa = XCSwiftPackageProductDependency;
			package = 847A1FFD2A7D57DA001D929E /* XCRemoteSwiftPackageReference "firebase-ios-sdk" */;
			productName = FirebaseFirestore;
		};
		847A20022A7D57DA001D929E /* FirebaseFirestoreSwift */ = {
			isa = XCSwiftPackageProductDependency;
			package = 847A1FFD2A7D57DA001D929E /* XCRemoteSwiftPackageReference "firebase-ios-sdk" */;
			productName = FirebaseFirestoreSwift;
		};
/* End XCSwiftPackageProductDependency section */
	};
	rootObject = 847A1FE42A7D54E2001D929E /* Project object */;
}
